
Microsoft Visual Studio Solution File, Format Version 12.00
# Visual Studio Version 17
VisualStudioVersion = 17.0.31519.337
MinimumVisualStudioVersion = 10.0.40219.1
Project("{FAE04EC0-301F-11D3-BF4B-00C04F79EFBC}") = "WebAppMvc_Anc60_IndAuth_1", "WebAppMvc_Anc60_IndAuth_1\WebAppMvc_Anc60_IndAuth_1.csproj", "{C98391F1-AD0E-4E68-9430-3B6680B6ABAF}"
EndProject
Global
	GlobalSection(SolutionConfigurationPlatforms) = preSolution
		Debug|Any CPU = Debug|Any CPU
		Release|Any CPU = Release|Any CPU
	EndGlobalSection
	GlobalSection(ProjectConfigurationPlatforms) = postSolution
		{C98391F1-AD0E-4E68-9430-3B6680B6ABAF}.Debug|Any CPU.ActiveCfg = Debug|Any CPU
		{C98391F1-AD0E-4E68-9430-3B6680B6ABAF}.Debug|Any CPU.Build.0 = Debug|Any CPU
		{C98391F1-AD0E-4E68-9430-3B6680B6ABAF}.Release|Any CPU.ActiveCfg = Release|Any CPU
		{C98391F1-AD0E-4E68-9430-3B6680B6ABAF}.Release|Any CPU.Build.0 = Release|Any CPU
	EndGlobalSection
	GlobalSection(SolutionProperties) = preSolution
		HideSolutionNode = FALSE
	EndGlobalSection
	GlobalSection(ExtensibilityGlobals) = postSolution
		SolutionGuid = {C325FD80-D860-4351-B646-8FF083977A3A}
	EndGlobalSection
EndGlobal
